
Microsoft Visual Studio Solution File, Format Version 12.00
# Visual Studio Version 16
VisualStudioVersion = 16.0.31624.102
MinimumVisualStudioVersion = 10.0.40219.1
Project("{FAE04EC0-301F-11D3-BF4B-00C04F79EFBC}") = "qallariy_servicios", "qallariy_servicios\qallariy_servicios.csproj", "{BE2D3DBA-6DEB-4DDF-8578-932318AF85CD}"
EndProject
Global
	GlobalSection(SolutionConfigurationPlatforms) = preSolution
		Debug|Any CPU = Debug|Any CPU
		Release|Any CPU = Release|Any CPU
	EndGlobalSection
	GlobalSection(ProjectConfigurationPlatforms) = postSolution
		{BE2D3DBA-6DEB-4DDF-8578-932318AF85CD}.Debug|Any CPU.ActiveCfg = Debug|Any CPU
		{BE2D3DBA-6DEB-4DDF-8578-932318AF85CD}.Debug|Any CPU.Build.0 = Debug|Any CPU
		{BE2D3DBA-6DEB-4DDF-8578-932318AF85CD}.Release|Any CPU.ActiveCfg = Release|Any CPU
		{BE2D3DBA-6DEB-4DDF-8578-932318AF85CD}.Release|Any CPU.Build.0 = Release|Any CPU
	EndGlobalSection
	GlobalSection(SolutionProperties) = preSolution
		HideSolutionNode = FALSE
	EndGlobalSection
	GlobalSection(ExtensibilityGlobals) = postSolution
		SolutionGuid = {5EA7DD88-E411-49FF-9BD0-2A6201AD2AA9}
	EndGlobalSection
EndGlobal
